{
  "name": "change-select-api",
  "version": "1.0.0",
  "lockfileVersion": 3,
  "requires": true,
  "packages": {
    "": {
      "name": "change-select-api",
      "version": "1.0.0",
      "license": "ISC",
      "dependencies": {
        "@hono/node-server": "^2.0.6",
        "hono": "^4.12.27"
      }
    },
    "node_modules/@hono/node-server": {
      "version": "2.0.6",
      "resolved": "https://registry.npmjs.org/@hono/node-server/-/node-server-2.0.6.tgz",
      "integrity": "sha512-7DeRlKG57JDBNZ5Qj2jwVdgwQy4b0tLubRLl3zCf91/rCf9i7p1V5FtW/yWibm1uUHE493ts9ZXH/7g/LQWl+g==",
      "license": "MIT",
      "engines": {
        "node": ">=20"
      },
      "peerDependencies": {
        "hono": "^4"
      }
    },
    "node_modules/hono": {
      "version": "4.12.27",
      "resolved": "https://registry.npmjs.org/hono/-/hono-4.12.27.tgz",
      "integrity": "sha512-1yrb/+w6HWQJrUCLkJ2IF5jNIPvvFkblV5RNOYl6bV+OA6p9GLcMpHFFGTosSvHvcAUibuUukRqhlYI4z32C7Q==",
      "license": "MIT",
      "engines": {
        "node": ">=16.9.0"
      }
    }
  }
}
